
Microsoft Visual Studio Solution File, Format Version 12.00
# Visual Studio Version 17
VisualStudioVersion = 17.11.35219.272
MinimumVisualStudioVersion = 10.0.40219.1
Project("{FAE04EC0-301F-11D3-BF4B-00C04F79EFBC}") = "ShopDienThoai", "ShopDienThoai.csproj", "{3583EA0E-DC53-4FED-8C0A-BA155704DF11}"
EndProject
Global
	GlobalSection(SolutionConfigurationPlatforms) = preSolution
		Debug|Any CPU = Debug|Any CPU
		Release|Any CPU = Release|Any CPU
	EndGlobalSection
	GlobalSection(ProjectConfigurationPlatforms) = postSolution
		{3583EA0E-DC53-4FED-8C0A-BA155704DF11}.Debug|Any CPU.ActiveCfg = Debug|Any CPU
		{3583EA0E-DC53-4FED-8C0A-BA155704DF11}.Debug|Any CPU.Build.0 = Debug|Any CPU
		{3583EA0E-DC53-4FED-8C0A-BA155704DF11}.Release|Any CPU.ActiveCfg = Release|Any CPU
		{3583EA0E-DC53-4FED-8C0A-BA155704DF11}.Release|Any CPU.Build.0 = Release|Any CPU
	EndGlobalSection
	GlobalSection(SolutionProperties) = preSolution
		HideSolutionNode = FALSE
	EndGlobalSection
	GlobalSection(ExtensibilityGlobals) = postSolution
		SolutionGuid = {E6945A4A-046A-496F-BFE6-57599FE2E510}
	EndGlobalSection
EndGlobal
